// !$*UTF8*$!
{
	archiveVersion = 1;
	classes = {
	};
	objectVersion = 56;
	objects = {

/* Begin PBXBuildFile section */
		80D52443298D574D006D20A4 /* AppDelegate.swift in Sources */ = {isa = PBXBuildFile; fileRef = 80D52442298D574D006D20A4 /* AppDelegate.swift */; };
		80D52445298D574D006D20A4 /* SceneDelegate.swift in Sources */ = {isa = PBXBuildFile; fileRef = 80D52444298D574D006D20A4 /* SceneDelegate.swift */; };
		80D52447298D574D006D20A4 /* ViewController.swift in Sources */ = {isa = PBXBuildFile; fileRef = 80D52446298D574D006D20A4 /* ViewController.swift */; };
		80D5244A298D574D006D20A4 /* Main.storyboard in Resources */ = {isa = PBXBuildFile; fileRef = 80D52448298D574D006D20A4 /* Main.storyboard */; };
		80D5244C298D574D006D20A4 /* Assets.xcassets in Resources */ = {isa = PBXBuildFile; fileRef = 80D5244B298D574D006D20A4 /* Assets.xcassets */; };
		80D5244F298D574D006D20A4 /* LaunchScreen.storyboard in Resources */ = {isa = PBXBuildFile; fileRef = 80D5244D298D574D006D20A4 /* LaunchScreen.storyboard */; };
		80D5245A298D574E006D20A4 /* CreationalDesignPatternTests.swift in Sources */ = {isa = PBXBuildFile; fileRef = 80D52459298D574E006D20A4 /* CreationalDesignPatternTests.swift */; };
		80D52464298D574E006D20A4 /* CreationalDesignPatternUITests.swift in Sources */ = {isa = PBXBuildFile; fileRef = 80D52463298D574E006D20A4 /* CreationalDesignPatternUITests.swift */; };
		80D52466298D574E006D20A4 /* CreationalDesignPatternUITestsLaunchTests.swift in Sources */ = {isa = PBXBuildFile; fileRef = 80D52465298D574E006D20A4 /* CreationalDesignPatternUITestsLaunchTests.swift */; };
		80F7A467298D653D0012D039 /* ItemTVCell.swift in Sources */ = {isa = PBXBuildFile; fileRef = 80F7A465298D653D0012D039 /* ItemTVCell.swift */; };
		80F7A468298D653D0012D039 /* ItemTVCell.xib in Resources */ = {isa = PBXBuildFile; fileRef = 80F7A466298D653D0012D039 /* ItemTVCell.xib */; };
		80F7A46B298D71B20012D039 /* Helper.swift in Sources */ = {isa = PBXBuildFile; fileRef = 80F7A46A298D71B20012D039 /* Helper.swift */; };
		80F7A46D298D71C60012D039 /* ViewNavigator.swift in Sources */ = {isa = PBXBuildFile; fileRef = 80F7A46C298D71C60012D039 /* ViewNavigator.swift */; };
		80F7A471298D73540012D039 /* FactoryViewController.swift in Sources */ = {isa = PBXBuildFile; fileRef = 80F7A470298D73540012D039 /* FactoryViewController.swift */; };
/* End PBXBuildFile section */

/* Begin PBXContainerItemProxy section */
		80D52456298D574E006D20A4 /* PBXContainerItemProxy */ = {
			isa = PBXContainerItemProxy;
			containerPortal = 80D52437298D574D006D20A4 /* Project object */;
			proxyType = 1;
			remoteGlobalIDString = 80D5243E298D574D006D20A4;
			remoteInfo = CreationalDesignPattern;
		};
		80D52460298D574E006D20A4 /* PBXContainerItemProxy */ = {
			isa = PBXContainerItemProxy;
			containerPortal = 80D52437298D574D006D20A4 /* Project object */;
			proxyType = 1;
			remoteGlobalIDString = 80D5243E298D574D006D20A4;
			remoteInfo = CreationalDesignPattern;
		};
/* End PBXContainerItemProxy section */

/* Begin PBXFileReference section */
		80D5243F298D574D006D20A4 /* CreationalDesignPattern.app */ = {isa = PBXFileReference; explicitFileType = wrapper.application; includeInIndex = 0; path = CreationalDesignPattern.app; sourceTree = BUILT_PRODUCTS_DIR; };
		80D52442298D574D006D20A4 /* AppDelegate.swift */ = {isa = PBXFileReference; lastKnownFileType = sourcecode.swift; path = AppDelegate.swift; sourceTree = "<group>"; };
		80D52444298D574D006D20A4 /* SceneDelegate.swift */ = {isa = PBXFileReference; lastKnownFileType = sourcecode.swift; path = SceneDelegate.swift; sourceTree = "<group>"; };
		80D52446298D574D006D20A4 /* ViewController.swift */ = {isa = PBXFileReference; lastKnownFileType = sourcecode.swift; path = ViewController.swift; sourceTree = "<group>"; };
		80D52449298D574D006D20A4 /* Base */ = {isa = PBXFileReference; lastKnownFileType = file.storyboard; name = Base; path = Base.lproj/Main.storyboard; sourceTree = "<group>"; };
		80D5244B298D574D006D20A4 /* Assets.xcassets */ = {isa = PBXFileReference; lastKnownFileType = folder.assetcatalog; path = Assets.xcassets; sourceTree = "<group>"; };
		80D5244E298D574D006D20A4 /* Base */ = {isa = PBXFileReference; lastKnownFileType = file.storyboard; name = Base; path = Base.lproj/LaunchScreen.storyboard; sourceTree = "<group>"; };
		80D52450298D574D006D20A4 /* Info.plist */ = {isa = PBXFileReference; lastKnownFileType = text.plist.xml; path = Info.plist; sourceTree = "<group>"; };
		80D52455298D574E006D20A4 /* CreationalDesignPatternTests.xctest */ = {isa = PBXFileReference; explicitFileType = wrapper.cfbundle; includeInIndex = 0; path = CreationalDesignPatternTests.xctest; sourceTree = BUILT_PRODUCTS_DIR; };
		80D52459298D574E006D20A4 /* CreationalDesignPatternTests.swift */ = {isa = PBXFileReference; lastKnownFileType = sourcecode.swift; path = CreationalDesignPatternTests.swift; sourceTree = "<group>"; };
		80D5245F298D574E006D20A4 /* CreationalDesignPatternUITests.xctest */ = {isa = PBXFileReference; explicitFileType = wrapper.cfbundle; includeInIndex = 0; path = CreationalDesignPatternUITests.xctest; sourceTree = BUILT_PRODUCTS_DIR; };
		80D52463298D574E006D20A4 /* CreationalDesignPatternUITests.swift */ = {isa = PBXFileReference; lastKnownFileType = sourcecode.swift; path = CreationalDesignPatternUITests.swift; sourceTree = "<group>"; };
		80D52465298D574E006D20A4 /* CreationalDesignPatternUITestsLaunchTests.swift */ = {isa = PBXFileReference; lastKnownFileType = sourcecode.swift; path = CreationalDesignPatternUITestsLaunchTests.swift; sourceTree = "<group>"; };
		80F7A465298D653D0012D039 /* ItemTVCell.swift */ = {isa = PBXFileReference; fileEncoding = 4; lastKnownFileType = sourcecode.swift; path = ItemTVCell.swift; sourceTree = "<group>"; };
		80F7A466298D653D0012D039 /* ItemTVCell.xib */ = {isa = PBXFileReference; fileEncoding = 4; lastKnownFileType = file.xib; path = ItemTVCell.xib; sourceTree = "<group>"; };
		80F7A46A298D71B20012D039 /* Helper.swift */ = {isa = PBXFileReference; lastKnownFileType = sourcecode.swift; path = Helper.swift; sourceTree = "<group>"; };
		80F7A46C298D71C60012D039 /* ViewNavigator.swift */ = {isa = PBXFileReference; lastKnownFileType = sourcecode.swift; path = ViewNavigator.swift; sourceTree = "<group>"; };
		80F7A470298D73540012D039 /* FactoryViewController.swift */ = {isa = PBXFileReference; lastKnownFileType = sourcecode.swift; path = FactoryViewController.swift; sourceTree = "<group>"; };
/* End PBXFileReference section */

/* Begin PBXFrameworksBuildPhase section */
		80D5243C298D574D006D20A4 /* Frameworks */ = {
			isa = PBXFrameworksBuildPhase;
			buildActionMask = 2147483647;
			files = (
			);
			runOnlyForDeploymentPostprocessing = 0;
		};
		80D52452298D574E006D20A4 /* Frameworks */ = {
			isa = PBXFrameworksBuildPhase;
			buildActionMask = 2147483647;
			files = (
			);
			runOnlyForDeploymentPostprocessing = 0;
		};
		80D5245C298D574E006D20A4 /* Frameworks */ = {
			isa = PBXFrameworksBuildPhase;
			buildActionMask = 2147483647;
			files = (
			);
			runOnlyForDeploymentPostprocessing = 0;
		};
/* End PBXFrameworksBuildPhase section */

/* Begin PBXGroup section */
		80D52436298D574D006D20A4 = {
			isa = PBXGroup;
			children = (
				80D52441298D574D006D20A4 /* CreationalDesignPattern */,
				80D52458298D574E006D20A4 /* CreationalDesignPatternTests */,
				80D52462298D574E006D20A4 /* CreationalDesignPatternUITests */,
				80D52440298D574D006D20A4 /* Products */,
			);
			sourceTree = "<group>";
		};
		80D52440298D574D006D20A4 /* Products */ = {
			isa = PBXGroup;
			children = (
				80D5243F298D574D006D20A4 /* CreationalDesignPattern.app */,
				80D52455298D574E006D20A4 /* CreationalDesignPatternTests.xctest */,
				80D5245F298D574E006D20A4 /* CreationalDesignPatternUITests.xctest */,
			);
			name = Products;
			sourceTree = "<group>";
		};
		80D52441298D574D006D20A4 /* CreationalDesignPattern */ = {
			isa = PBXGroup;
			children = (
				80F7A46E298D73110012D039 /* DesignPatters */,
				80D52472298D5AAC006D20A4 /* App */,
				80D52473298D5AB6006D20A4 /* ViewControllers */,
				80F7A464298D650A0012D039 /* Views */,
				80F7A469298D717F0012D039 /* Utils */,
				80D52474298D5AC6006D20A4 /* Resources */,
			);
			path = CreationalDesignPattern;
			sourceTree = "<group>";
		};
		80D52458298D574E006D20A4 /* CreationalDesignPatternTests */ = {
			isa = PBXGroup;
			children = (
				80D52459298D574E006D20A4 /* CreationalDesignPatternTests.swift */,
			);
			path = CreationalDesignPatternTests;
			sourceTree = "<group>";
		};
		80D52462298D574E006D20A4 /* CreationalDesignPatternUITests */ = {
			isa = PBXGroup;
			children = (
				80D52463298D574E006D20A4 /* CreationalDesignPatternUITests.swift */,
				80D52465298D574E006D20A4 /* CreationalDesignPatternUITestsLaunchTests.swift */,
			);
			path = CreationalDesignPatternUITests;
			sourceTree = "<group>";
		};
		80D52472298D5AAC006D20A4 /* App */ = {
			isa = PBXGroup;
			children = (
				80D52442298D574D006D20A4 /* AppDelegate.swift */,
				80D52444298D574D006D20A4 /* SceneDelegate.swift */,
				80D52450298D574D006D20A4 /* Info.plist */,
			);
			path = App;
			sourceTree = "<group>";
		};
		80D52473298D5AB6006D20A4 /* ViewControllers */ = {
			isa = PBXGroup;
			children = (
				80D52446298D574D006D20A4 /* ViewController.swift */,
			);
			path = ViewControllers;
			sourceTree = "<group>";
		};
		80D52474298D5AC6006D20A4 /* Resources */ = {
			isa = PBXGroup;
			children = (
				80D52448298D574D006D20A4 /* Main.storyboard */,
				80D5244B298D574D006D20A4 /* Assets.xcassets */,
				80D5244D298D574D006D20A4 /* LaunchScreen.storyboard */,
			);
			path = Resources;
			sourceTree = "<group>";
		};
		80F7A464298D650A0012D039 /* Views */ = {
			isa = PBXGroup;
			children = (
				80F7A465298D653D0012D039 /* ItemTVCell.swift */,
				80F7A466298D653D0012D039 /* ItemTVCell.xib */,
			);
			path = Views;
			sourceTree = "<group>";
		};
		80F7A469298D717F0012D039 /* Utils */ = {
			isa = PBXGroup;
			children = (
				80F7A46A298D71B20012D039 /* Helper.swift */,
				80F7A46C298D71C60012D039 /* ViewNavigator.swift */,
			);
			path = Utils;
			sourceTree = "<group>";
		};
		80F7A46E298D73110012D039 /* DesignPatters */ = {
			isa = PBXGroup;
			children = (
				80F7A46F298D732E0012D039 /* Factory */,
			);
			path = DesignPatters;
			sourceTree = "<group>";
		};
		80F7A46F298D732E0012D039 /* Factory */ = {
			isa = PBXGroup;
			children = (
				80F7A470298D73540012D039 /* FactoryViewController.swift */,
			);
			path = Factory;
			sourceTree = "<group>";
		};
/* End PBXGroup section */

/* Begin PBXNativeTarget section */
		80D5243E298D574D006D20A4 /* CreationalDesignPattern */ = {
			isa = PBXNativeTarget;
			buildConfigurationList = 80D52469298D574E006D20A4 /* Build configuration list for PBXNativeTarget "CreationalDesignPattern" */;
			buildPhases = (
				80D5243B298D574D006D20A4 /* Sources */,
				80D5243C298D574D006D20A4 /* Frameworks */,
				80D5243D298D574D006D20A4 /* Resources */,
			);
			buildRules = (
			);
			dependencies = (
			);
			name = CreationalDesignPattern;
			productName = CreationalDesignPattern;
			productReference = 80D5243F298D574D006D20A4 /* CreationalDesignPattern.app */;
			productType = "com.apple.product-type.application";
		};
		80D52454298D574E006D20A4 /* CreationalDesignPatternTests */ = {
			isa = PBXNativeTarget;
			buildConfigurationList = 80D5246C298D574E006D20A4 /* Build configuration list for PBXNativeTarget "CreationalDesignPatternTests" */;
			buildPhases = (
				80D52451298D574E006D20A4 /* Sources */,
				80D52452298D574E006D20A4 /* Frameworks */,
				80D52453298D574E006D20A4 /* Resources */,
			);
			buildRules = (
			);
			dependencies = (
				80D52457298D574E006D20A4 /* PBXTargetDependency */,
			);
			name = CreationalDesignPatternTests;
			productName = CreationalDesignPatternTests;
			productReference = 80D52455298D574E006D20A4 /* CreationalDesignPatternTests.xctest */;
			productType = "com.apple.product-type.bundle.unit-test";
		};
		80D5245E298D574E006D20A4 /* CreationalDesignPatternUITests */ = {
			isa = PBXNativeTarget;
			buildConfigurationList = 80D5246F298D574E006D20A4 /* Build configuration list for PBXNativeTarget "CreationalDesignPatternUITests" */;
			buildPhases = (
				80D5245B298D574E006D20A4 /* Sources */,
				80D5245C298D574E006D20A4 /* Frameworks */,
				80D5245D298D574E006D20A4 /* Resources */,
			);
			buildRules = (
			);
			dependencies = (
				80D52461298D574E006D20A4 /* PBXTargetDependency */,
			);
			name = CreationalDesignPatternUITests;
			productName = CreationalDesignPatternUITests;
			productReference = 80D5245F298D574E006D20A4 /* CreationalDesignPatternUITests.xctest */;
			productType = "com.apple.product-type.bundle.ui-testing";
		};
/* End PBXNativeTarget section */

/* Begin PBXProject section */
		80D52437298D574D006D20A4 /* Project object */ = {
			isa = PBXProject;
			attributes = {
				BuildIndependentTargetsInParallel = 1;
				LastSwiftUpdateCheck = 1420;
				LastUpgradeCheck = 1420;
				TargetAttributes = {
					80D5243E298D574D006D20A4 = {
						CreatedOnToolsVersion = 14.2;
					};
					80D52454298D574E006D20A4 = {
						CreatedOnToolsVersion = 14.2;
						TestTargetID = 80D5243E298D574D006D20A4;
					};
					80D5245E298D574E006D20A4 = {
						CreatedOnToolsVersion = 14.2;
						TestTargetID = 80D5243E298D574D006D20A4;
					};
				};
			};
			buildConfigurationList = 80D5243A298D574D006D20A4 /* Build configuration list for PBXProject "CreationalDesignPattern" */;
			compatibilityVersion = "Xcode 14.0";
			developmentRegion = en;
			hasScannedForEncodings = 0;
			knownRegions = (
				en,
				Base,
			);
			mainGroup = 80D52436298D574D006D20A4;
			productRefGroup = 80D52440298D574D006D20A4 /* Products */;
			projectDirPath = "";
			projectRoot = "";
			targets = (
				80D5243E298D574D006D20A4 /* CreationalDesignPattern */,
				80D52454298D574E006D20A4 /* CreationalDesignPatternTests */,
				80D5245E298D574E006D20A4 /* CreationalDesignPatternUITests */,
			);
		};
/* End PBXProject section */

/* Begin PBXResourcesBuildPhase section */
		80D5243D298D574D006D20A4 /* Resources */ = {
			isa = PBXResourcesBuildPhase;
			buildActionMask = 2147483647;
			files = (
				80F7A468298D653D0012D039 /* ItemTVCell.xib in Resources */,
				80D5244F298D574D006D20A4 /* LaunchScreen.storyboard in Resources */,
				80D5244C298D574D006D20A4 /* Assets.xcassets in Resources */,
				80D5244A298D574D006D20A4 /* Main.storyboard in Resources */,
			);
			runOnlyForDeploymentPostprocessing = 0;
		};
		80D52453298D574E006D20A4 /* Resources */ = {
			isa = PBXResourcesBuildPhase;
			buildActionMask = 2147483647;
			files = (
			);
			runOnlyForDeploymentPostprocessing = 0;
		};
		80D5245D298D574E006D20A4 /* Resources */ = {
			isa = PBXResourcesBuildPhase;
			buildActionMask = 2147483647;
			files = (
			);
			runOnlyForDeploymentPostprocessing = 0;
		};
/* End PBXResourcesBuildPhase section */

/* Begin PBXSourcesBuildPhase section */
		80D5243B298D574D006D20A4 /* Sources */ = {
			isa = PBXSourcesBuildPhase;
			buildActionMask = 2147483647;
			files = (
				80F7A467298D653D0012D039 /* ItemTVCell.swift in Sources */,
				80D52447298D574D006D20A4 /* ViewController.swift in Sources */,
				80F7A46B298D71B20012D039 /* Helper.swift in Sources */,
				80F7A471298D73540012D039 /* FactoryViewController.swift in Sources */,
				80D52443298D574D006D20A4 /* AppDelegate.swift in Sources */,
				80F7A46D298D71C60012D039 /* ViewNavigator.swift in Sources */,
				80D52445298D574D006D20A4 /* SceneDelegate.swift in Sources */,
			);
			runOnlyForDeploymentPostprocessing = 0;
		};
		80D52451298D574E006D20A4 /* Sources */ = {
			isa = PBXSourcesBuildPhase;
			buildActionMask = 2147483647;
			files = (
				80D5245A298D574E006D20A4 /* CreationalDesignPatternTests.swift in Sources */,
			);
			runOnlyForDeploymentPostprocessing = 0;
		};
		80D5245B298D574E006D20A4 /* Sources */ = {
			isa = PBXSourcesBuildPhase;
			buildActionMask = 2147483647;
			files = (
				80D52464298D574E006D20A4 /* CreationalDesignPatternUITests.swift in Sources */,
				80D52466298D574E006D20A4 /* CreationalDesignPatternUITestsLaunchTests.swift in Sources */,
			);
			runOnlyForDeploymentPostprocessing = 0;
		};
/* End PBXSourcesBuildPhase section */

/* Begin PBXTargetDependency section */
		80D52457298D574E006D20A4 /* PBXTargetDependency */ = {
			isa = PBXTargetDependency;
			target = 80D5243E298D574D006D20A4 /* CreationalDesignPattern */;
			targetProxy = 80D52456298D574E006D20A4 /* PBXContainerItemProxy */;
		};
		80D52461298D574E006D20A4 /* PBXTargetDependency */ = {
			isa = PBXTargetDependency;
			target = 80D5243E298D574D006D20A4 /* CreationalDesignPattern */;
			targetProxy = 80D52460298D574E006D20A4 /* PBXContainerItemProxy */;
		};
/* End PBXTargetDependency section */

/* Begin PBXVariantGroup section */
		80D52448298D574D006D20A4 /* Main.storyboard */ = {
			isa = PBXVariantGroup;
			children = (
				80D52449298D574D006D20A4 /* Base */,
			);
			name = Main.storyboard;
			sourceTree = "<group>";
		};
		80D5244D298D574D006D20A4 /* LaunchScreen.storyboard */ = {
			isa = PBXVariantGroup;
			children = (
				80D5244E298D574D006D20A4 /* Base */,
			);
			name = LaunchScreen.storyboard;
			sourceTree = "<group>";
		};
/* End PBXVariantGroup section */

/* Begin XCBuildConfiguration section */
		80D52467298D574E006D20A4 /* Debug */ = {
			isa = XCBuildConfiguration;
			buildSettings = {
				ALWAYS_SEARCH_USER_PATHS = NO;
				CLANG_ANALYZER_NONNULL = YES;
				CLANG_ANALYZER_NUMBER_OBJECT_CONVERSION = YES_AGGRESSIVE;
				CLANG_CXX_LANGUAGE_STANDARD = "gnu++20";
				CLANG_ENABLE_MODULES = YES;
				CLANG_ENABLE_OBJC_ARC = YES;
				CLANG_ENABLE_OBJC_WEAK = YES;
				CLANG_WARN_BLOCK_CAPTURE_AUTORELEASING = YES;
				CLANG_WARN_BOOL_CONVERSION = YES;
				CLANG_WARN_COMMA = YES;
				CLANG_WARN_CONSTANT_CONVERSION = YES;
				CLANG_WARN_DEPRECATED_OBJC_IMPLEMENTATIONS = YES;
				CLANG_WARN_DIRECT_OBJC_ISA_USAGE = YES_ERROR;
				CLANG_WARN_DOCUMENTATION_COMMENTS = YES;
				CLANG_WARN_EMPTY_BODY = YES;
				CLANG_WARN_ENUM_CONVERSION = YES;
				CLANG_WARN_INFINITE_RECURSION = YES;
				CLANG_WARN_INT_CONVERSION = YES;
				CLANG_WARN_NON_LITERAL_NULL_CONVERSION = YES;
				CLANG_WARN_OBJC_IMPLICIT_RETAIN_SELF = YES;
				CLANG_WARN_OBJC_LITERAL_CONVERSION = YES;
				CLANG_WARN_OBJC_ROOT_CLASS = YES_ERROR;
				CLANG_WARN_QUOTED_INCLUDE_IN_FRAMEWORK_HEADER = YES;
				CLANG_WARN_RANGE_LOOP_ANALYSIS = YES;
				CLANG_WARN_STRICT_PROTOTYPES = YES;
				CLANG_WARN_SUSPICIOUS_MOVE = YES;
				CLANG_WARN_UNGUARDED_AVAILABILITY = YES_AGGRESSIVE;
				CLANG_WARN_UNREACHABLE_CODE = YES;
				CLANG_WARN__DUPLICATE_METHOD_MATCH = YES;
				COPY_PHASE_STRIP = NO;
				DEBUG_INFORMATION_FORMAT = dwarf;
				ENABLE_STRICT_OBJC_MSGSEND = YES;
				ENABLE_TESTABILITY = YES;
				GCC_C_LANGUAGE_STANDARD = gnu11;
				GCC_DYNAMIC_NO_PIC = NO;
				GCC_NO_COMMON_BLOCKS = YES;
				GCC_OPTIMIZATION_LEVEL = 0;
				GCC_PREPROCESSOR_DEFINITIONS = (
					"DEBUG=1",
					"$(inherited)",
				);
				GCC_WARN_64_TO_32_BIT_CONVERSION = YES;
				GCC_WARN_ABOUT_RETURN_TYPE = YES_ERROR;
				GCC_WARN_UNDECLARED_SELECTOR = YES;
				GCC_WARN_UNINITIALIZED_AUTOS = YES_AGGRESSIVE;
				GCC_WARN_UNUSED_FUNCTION = YES;
				GCC_WARN_UNUSED_VARIABLE = YES;
				IPHONEOS_DEPLOYMENT_TARGET = 16.2;
				MTL_ENABLE_DEBUG_INFO = INCLUDE_SOURCE;
				MTL_FAST_MATH = YES;
				ONLY_ACTIVE_ARCH = YES;
				SDKROOT = iphoneos;
				SWIFT_ACTIVE_COMPILATION_CONDITIONS = DEBUG;
				SWIFT_OPTIMIZATION_LEVEL = "-Onone";
			};
			name = Debug;
		};
		80D52468298D574E006D20A4 /* Release */ = {
			isa = XCBuildConfiguration;
			buildSettings = {
				ALWAYS_SEARCH_USER_PATHS = NO;
				CLANG_ANALYZER_NONNULL = YES;
				CLANG_ANALYZER_NUMBER_OBJECT_CONVERSION = YES_AGGRESSIVE;
				CLANG_CXX_LANGUAGE_STANDARD = "gnu++20";
				CLANG_ENABLE_MODULES = YES;
				CLANG_ENABLE_OBJC_ARC = YES;
				CLANG_ENABLE_OBJC_WEAK = YES;
				CLANG_WARN_BLOCK_CAPTURE_AUTORELEASING = YES;
				CLANG_WARN_BOOL_CONVERSION = YES;
				CLANG_WARN_COMMA = YES;
				CLANG_WARN_CONSTANT_CONVERSION = YES;
				CLANG_WARN_DEPRECATED_OBJC_IMPLEMENTATIONS = YES;
				CLANG_WARN_DIRECT_OBJC_ISA_USAGE = YES_ERROR;
				CLANG_WARN_DOCUMENTATION_COMMENTS = YES;
				CLANG_WARN_EMPTY_BODY = YES;
				CLANG_WARN_ENUM_CONVERSION = YES;
				CLANG_WARN_INFINITE_RECURSION = YES;
				CLANG_WARN_INT_CONVERSION = YES;
				CLANG_WARN_NON_LITERAL_NULL_CONVERSION = YES;
				CLANG_WARN_OBJC_IMPLICIT_RETAIN_SELF = YES;
				CLANG_WARN_OBJC_LITERAL_CONVERSION = YES;
				CLANG_WARN_OBJC_ROOT_CLASS = YES_ERROR;
				CLANG_WARN_QUOTED_INCLUDE_IN_FRAMEWORK_HEADER = YES;
				CLANG_WARN_RANGE_LOOP_ANALYSIS = YES;
				CLANG_WARN_STRICT_PROTOTYPES = YES;
				CLANG_WARN_SUSPICIOUS_MOVE = YES;
				CLANG_WARN_UNGUARDED_AVAILABILITY = YES_AGGRESSIVE;
				CLANG_WARN_UNREACHABLE_CODE = YES;
				CLANG_WARN__DUPLICATE_METHOD_MATCH = YES;
				COPY_PHASE_STRIP = NO;
				DEBUG_INFORMATION_FORMAT = "dwarf-with-dsym";
				ENABLE_NS_ASSERTIONS = NO;
				ENABLE_STRICT_OBJC_MSGSEND = YES;
				GCC_C_LANGUAGE_STANDARD = gnu11;
				GCC_NO_COMMON_BLOCKS = YES;
				GCC_WARN_64_TO_32_BIT_CONVERSION = YES;
				GCC_WARN_ABOUT_RETURN_TYPE = YES_ERROR;
				GCC_WARN_UNDECLARED_SELECTOR = YES;
				GCC_WARN_UNINITIALIZED_AUTOS = YES_AGGRESSIVE;
				GCC_WARN_UNUSED_FUNCTION = YES;
				GCC_WARN_UNUSED_VARIABLE = YES;
				IPHONEOS_DEPLOYMENT_TARGET = 16.2;
				MTL_ENABLE_DEBUG_INFO = NO;
				MTL_FAST_MATH = YES;
				SDKROOT = iphoneos;
				SWIFT_COMPILATION_MODE = wholemodule;
				SWIFT_OPTIMIZATION_LEVEL = "-O";
				VALIDATE_PRODUCT = YES;
			};
			name = Release;
		};
		80D5246A298D574E006D20A4 /* Debug */ = {
			isa = XCBuildConfiguration;
			buildSettings = {
				ASSETCATALOG_COMPILER_APPICON_NAME = AppIcon;
				ASSETCATALOG_COMPILER_GLOBAL_ACCENT_COLOR_NAME = AccentColor;
				CODE_SIGN_STYLE = Automatic;
				CURRENT_PROJECT_VERSION = 1;
				GENERATE_INFOPLIST_FILE = YES;
				INFOPLIST_FILE = CreationalDesignPattern/App/Info.plist;
				INFOPLIST_KEY_UIApplicationSupportsIndirectInputEvents = YES;
				INFOPLIST_KEY_UILaunchStoryboardName = LaunchScreen;
				INFOPLIST_KEY_UIMainStoryboardFile = Main;
				INFOPLIST_KEY_UISupportedInterfaceOrientations_iPad = "UIInterfaceOrientationPortrait UIInterfaceOrientationPortraitUpsideDown UIInterfaceOrientationLandscapeLeft UIInterfaceOrientationLandscapeRight";
				INFOPLIST_KEY_UISupportedInterfaceOrientations_iPhone = "UIInterfaceOrientationPortrait UIInterfaceOrientationLandscapeLeft UIInterfaceOrientationLandscapeRight";
				LD_RUNPATH_SEARCH_PATHS = (
					"$(inherited)",
					"@executable_path/Frameworks",
				);
				MARKETING_VERSION = 1.0;
				PRODUCT_BUNDLE_IDENTIFIER = com.arif..CreationalDesignPattern;
				PRODUCT_NAME = "$(TARGET_NAME)";
				SWIFT_EMIT_LOC_STRINGS = YES;
				SWIFT_VERSION = 5.0;
				TARGETED_DEVICE_FAMILY = "1,2";
			};
			name = Debug;
		};
		80D5246B298D574E006D20A4 /* Release */ = {
			isa = XCBuildConfiguration;
			buildSettings = {
				ASSETCATALOG_COMPILER_APPICON_NAME = AppIcon;
				ASSETCATALOG_COMPILER_GLOBAL_ACCENT_COLOR_NAME = AccentColor;
				CODE_SIGN_STYLE = Automatic;
				CURRENT_PROJECT_VERSION = 1;
				GENERATE_INFOPLIST_FILE = YES;
				INFOPLIST_FILE = CreationalDesignPattern/App/Info.plist;
				INFOPLIST_KEY_UIApplicationSupportsIndirectInputEvents = YES;
				INFOPLIST_KEY_UILaunchStoryboardName = LaunchScreen;
				INFOPLIST_KEY_UIMainStoryboardFile = Main;
				INFOPLIST_KEY_UISupportedInterfaceOrientations_iPad = "UIInterfaceOrientationPortrait UIInterfaceOrientationPortraitUpsideDown UIInterfaceOrientationLandscapeLeft UIInterfaceOrientationLandscapeRight";
				INFOPLIST_KEY_UISupportedInterfaceOrientations_iPhone = "UIInterfaceOrientationPortrait UIInterfaceOrientationLandscapeLeft UIInterfaceOrientationLandscapeRight";
				LD_RUNPATH_SEARCH_PATHS = (
					"$(inherited)",
					"@executable_path/Frameworks",
				);
				MARKETING_VERSION = 1.0;
				PRODUCT_BUNDLE_IDENTIFIER = com.arif..CreationalDesignPattern;
				PRODUCT_NAME = "$(TARGET_NAME)";
				SWIFT_EMIT_LOC_STRINGS = YES;
				SWIFT_VERSION = 5.0;
				TARGETED_DEVICE_FAMILY = "1,2";
			};
			name = Release;
		};
		80D5246D298D574E006D20A4 /* Debug */ = {
			isa = XCBuildConfiguration;
			buildSettings = {
				ALWAYS_EMBED_SWIFT_STANDARD_LIBRARIES = YES;
				BUNDLE_LOADER = "$(TEST_HOST)";
				CODE_SIGN_STYLE = Automatic;
				CURRENT_PROJECT_VERSION = 1;
				GENERATE_INFOPLIST_FILE = YES;
				IPHONEOS_DEPLOYMENT_TARGET = 16.2;
				MARKETING_VERSION = 1.0;
				PRODUCT_BUNDLE_IDENTIFIER = com.arif..CreationalDesignPatternTests;
				PRODUCT_NAME = "$(TARGET_NAME)";
				SWIFT_EMIT_LOC_STRINGS = NO;
				SWIFT_VERSION = 5.0;
				TARGETED_DEVICE_FAMILY = "1,2";
				TEST_HOST = "$(BUILT_PRODUCTS_DIR)/CreationalDesignPattern.app/$(BUNDLE_EXECUTABLE_FOLDER_PATH)/CreationalDesignPattern";
			};
			name = Debug;
		};
		80D5246E298D574E006D20A4 /* Release */ = {
			isa = XCBuildConfiguration;
			buildSettings = {
				ALWAYS_EMBED_SWIFT_STANDARD_LIBRARIES = YES;
				BUNDLE_LOADER = "$(TEST_HOST)";
				CODE_SIGN_STYLE = Automatic;
				CURRENT_PROJECT_VERSION = 1;
				GENERATE_INFOPLIST_FILE = YES;
				IPHONEOS_DEPLOYMENT_TARGET = 16.2;
				MARKETING_VERSION = 1.0;
				PRODUCT_BUNDLE_IDENTIFIER = com.arif..CreationalDesignPatternTests;
				PRODUCT_NAME = "$(TARGET_NAME)";
				SWIFT_EMIT_LOC_STRINGS = NO;
				SWIFT_VERSION = 5.0;
				TARGETED_DEVICE_FAMILY = "1,2";
				TEST_HOST = "$(BUILT_PRODUCTS_DIR)/CreationalDesignPattern.app/$(BUNDLE_EXECUTABLE_FOLDER_PATH)/CreationalDesignPattern";
			};
			name = Release;
		};
		80D52470298D574E006D20A4 /* Debug */ = {
			isa = XCBuildConfiguration;
			buildSettings = {
				ALWAYS_EMBED_SWIFT_STANDARD_LIBRARIES = YES;
				CODE_SIGN_STYLE = Automatic;
				CURRENT_PROJECT_VERSION = 1;
				GENERATE_INFOPLIST_FILE = YES;
				MARKETING_VERSION = 1.0;
				PRODUCT_BUNDLE_IDENTIFIER = com.arif..CreationalDesignPatternUITests;
				PRODUCT_NAME = "$(TARGET_NAME)";
				SWIFT_EMIT_LOC_STRINGS = NO;
				SWIFT_VERSION = 5.0;
				TARGETED_DEVICE_FAMILY = "1,2";
				TEST_TARGET_NAME = CreationalDesignPattern;
			};
			name = Debug;
		};
		80D52471298D574E006D20A4 /* Release */ = {
			isa = XCBuildConfiguration;
			buildSettings = {
				ALWAYS_EMBED_SWIFT_STANDARD_LIBRARIES = YES;
				CODE_SIGN_STYLE = Automatic;
				CURRENT_PROJECT_VERSION = 1;
				GENERATE_INFOPLIST_FILE = YES;
				MARKETING_VERSION = 1.0;
				PRODUCT_BUNDLE_IDENTIFIER = com.arif..CreationalDesignPatternUITests;
				PRODUCT_NAME = "$(TARGET_NAME)";
				SWIFT_EMIT_LOC_STRINGS = NO;
				SWIFT_VERSION = 5.0;
				TARGETED_DEVICE_FAMILY = "1,2";
				TEST_TARGET_NAME = CreationalDesignPattern;
			};
			name = Release;
		};
/* End XCBuildConfiguration section */

/* Begin XCConfigurationList section */
		80D5243A298D574D006D20A4 /* Build configuration list for PBXProject "CreationalDesignPattern" */ = {
			isa = XCConfigurationList;
			buildConfigurations = (
				80D52467298D574E006D20A4 /* Debug */,
				80D52468298D574E006D20A4 /* Release */,
			);
			defaultConfigurationIsVisible = 0;
			defaultConfigurationName = Release;
		};
		80D52469298D574E006D20A4 /* Build configuration list for PBXNativeTarget "CreationalDesignPattern" */ = {
			isa = XCConfigurationList;
			buildConfigurations = (
				80D5246A298D574E006D20A4 /* Debug */,
				80D5246B298D574E006D20A4 /* Release */,
			);
			defaultConfigurationIsVisible = 0;
			defaultConfigurationName = Release;
		};
		80D5246C298D574E006D20A4 /* Build configuration list for PBXNativeTarget "CreationalDesignPatternTests" */ = {
			isa = XCConfigurationList;
			buildConfigurations = (
				80D5246D298D574E006D20A4 /* Debug */,
				80D5246E298D574E006D20A4 /* Release */,
			);
			defaultConfigurationIsVisible = 0;
			defaultConfigurationName = Release;
		};
		80D5246F298D574E006D20A4 /* Build configuration list for PBXNativeTarget "CreationalDesignPatternUITests" */ = {
			isa = XCConfigurationList;
			buildConfigurations = (
				80D52470298D574E006D20A4 /* Debug */,
				80D52471298D574E006D20A4 /* Release */,
			);
			defaultConfigurationIsVisible = 0;
			defaultConfigurationName = Release;
		};
/* End XCConfigurationList section */
	};
	rootObject = 80D52437298D574D006D20A4 /* Project object */;
}
