// !$*UTF8*$!
{
	archiveVersion = 1;
	classes = {
	};
	objectVersion = 56;
	objects = {

/* Begin PBXBuildFile section */
		801E4D732A41CC3000C6678C /* ResetPasswardVC.swift in Sources */ = {isa = PBXBuildFile; fileRef = 801E4D722A41CC3000C6678C /* ResetPasswardVC.swift */; };
		801E4D762A41CDB700C6678C /* SignupVC.swift in Sources */ = {isa = PBXBuildFile; fileRef = 801E4D752A41CDB700C6678C /* SignupVC.swift */; };
		801E4D782A41CDC300C6678C /* HomeVC.swift in Sources */ = {isa = PBXBuildFile; fileRef = 801E4D772A41CDC300C6678C /* HomeVC.swift */; };
		801E4D7A2A41D64200C6678C /* LoginChildCoordinator.swift in Sources */ = {isa = PBXBuildFile; fileRef = 801E4D792A41D64200C6678C /* LoginChildCoordinator.swift */; };
		801E4D7C2A41D73C00C6678C /* HomeChildCoordinator.swift in Sources */ = {isa = PBXBuildFile; fileRef = 801E4D7B2A41D73C00C6678C /* HomeChildCoordinator.swift */; };
		8060F2FB2A41B68F007950E0 /* AppDelegate.swift in Sources */ = {isa = PBXBuildFile; fileRef = 8060F2FA2A41B68F007950E0 /* AppDelegate.swift */; };
		8060F2FD2A41B68F007950E0 /* SceneDelegate.swift in Sources */ = {isa = PBXBuildFile; fileRef = 8060F2FC2A41B68F007950E0 /* SceneDelegate.swift */; };
		8060F2FF2A41B68F007950E0 /* LoginVC.swift in Sources */ = {isa = PBXBuildFile; fileRef = 8060F2FE2A41B68F007950E0 /* LoginVC.swift */; };
		8060F3022A41B68F007950E0 /* Main.storyboard in Resources */ = {isa = PBXBuildFile; fileRef = 8060F3002A41B68F007950E0 /* Main.storyboard */; };
		8060F3042A41B690007950E0 /* Assets.xcassets in Resources */ = {isa = PBXBuildFile; fileRef = 8060F3032A41B690007950E0 /* Assets.xcassets */; };
		8060F3072A41B690007950E0 /* LaunchScreen.storyboard in Resources */ = {isa = PBXBuildFile; fileRef = 8060F3052A41B690007950E0 /* LaunchScreen.storyboard */; };
		8060F30F2A41B6B4007950E0 /* Coordinator.swift in Sources */ = {isa = PBXBuildFile; fileRef = 8060F30E2A41B6B4007950E0 /* Coordinator.swift */; };
		8060F3112A41B739007950E0 /* MainCoordinator.swift in Sources */ = {isa = PBXBuildFile; fileRef = 8060F3102A41B738007950E0 /* MainCoordinator.swift */; };
		8060F3132A41B7CC007950E0 /* CoordinatorBoard.swift in Sources */ = {isa = PBXBuildFile; fileRef = 8060F3122A41B7CC007950E0 /* CoordinatorBoard.swift */; };
		898D13512A42F0F200CD372A /* ChildCoordinatorFactory.swift in Sources */ = {isa = PBXBuildFile; fileRef = 898D13502A42F0F200CD372A /* ChildCoordinatorFactory.swift */; };
		898D13532A42FA3700CD372A /* HomeChildParameter.swift in Sources */ = {isa = PBXBuildFile; fileRef = 898D13522A42FA3700CD372A /* HomeChildParameter.swift */; };
/* End PBXBuildFile section */

/* Begin PBXFileReference section */
		801E4D722A41CC3000C6678C /* ResetPasswardVC.swift */ = {isa = PBXFileReference; lastKnownFileType = sourcecode.swift; path = ResetPasswardVC.swift; sourceTree = "<group>"; };
		801E4D752A41CDB700C6678C /* SignupVC.swift */ = {isa = PBXFileReference; lastKnownFileType = sourcecode.swift; path = SignupVC.swift; sourceTree = "<group>"; };
		801E4D772A41CDC300C6678C /* HomeVC.swift */ = {isa = PBXFileReference; lastKnownFileType = sourcecode.swift; path = HomeVC.swift; sourceTree = "<group>"; };
		801E4D792A41D64200C6678C /* LoginChildCoordinator.swift */ = {isa = PBXFileReference; lastKnownFileType = sourcecode.swift; path = LoginChildCoordinator.swift; sourceTree = "<group>"; };
		801E4D7B2A41D73C00C6678C /* HomeChildCoordinator.swift */ = {isa = PBXFileReference; lastKnownFileType = sourcecode.swift; path = HomeChildCoordinator.swift; sourceTree = "<group>"; };
		8060F2F72A41B68F007950E0 /* CoordinatorDemo.app */ = {isa = PBXFileReference; explicitFileType = wrapper.application; includeInIndex = 0; path = CoordinatorDemo.app; sourceTree = BUILT_PRODUCTS_DIR; };
		8060F2FA2A41B68F007950E0 /* AppDelegate.swift */ = {isa = PBXFileReference; lastKnownFileType = sourcecode.swift; path = AppDelegate.swift; sourceTree = "<group>"; };
		8060F2FC2A41B68F007950E0 /* SceneDelegate.swift */ = {isa = PBXFileReference; lastKnownFileType = sourcecode.swift; path = SceneDelegate.swift; sourceTree = "<group>"; };
		8060F2FE2A41B68F007950E0 /* LoginVC.swift */ = {isa = PBXFileReference; lastKnownFileType = sourcecode.swift; path = LoginVC.swift; sourceTree = "<group>"; };
		8060F3012A41B68F007950E0 /* Base */ = {isa = PBXFileReference; lastKnownFileType = file.storyboard; name = Base; path = Base.lproj/Main.storyboard; sourceTree = "<group>"; };
		8060F3032A41B690007950E0 /* Assets.xcassets */ = {isa = PBXFileReference; lastKnownFileType = folder.assetcatalog; path = Assets.xcassets; sourceTree = "<group>"; };
		8060F3062A41B690007950E0 /* Base */ = {isa = PBXFileReference; lastKnownFileType = file.storyboard; name = Base; path = Base.lproj/LaunchScreen.storyboard; sourceTree = "<group>"; };
		8060F3082A41B690007950E0 /* Info.plist */ = {isa = PBXFileReference; lastKnownFileType = text.plist.xml; path = Info.plist; sourceTree = "<group>"; };
		8060F30E2A41B6B4007950E0 /* Coordinator.swift */ = {isa = PBXFileReference; lastKnownFileType = sourcecode.swift; path = Coordinator.swift; sourceTree = "<group>"; };
		8060F3102A41B738007950E0 /* MainCoordinator.swift */ = {isa = PBXFileReference; lastKnownFileType = sourcecode.swift; path = MainCoordinator.swift; sourceTree = "<group>"; };
		8060F3122A41B7CC007950E0 /* CoordinatorBoard.swift */ = {isa = PBXFileReference; lastKnownFileType = sourcecode.swift; path = CoordinatorBoard.swift; sourceTree = "<group>"; };
		898D13502A42F0F200CD372A /* ChildCoordinatorFactory.swift */ = {isa = PBXFileReference; lastKnownFileType = sourcecode.swift; path = ChildCoordinatorFactory.swift; sourceTree = "<group>"; };
		898D13522A42FA3700CD372A /* HomeChildParameter.swift */ = {isa = PBXFileReference; lastKnownFileType = sourcecode.swift; path = HomeChildParameter.swift; sourceTree = "<group>"; };
/* End PBXFileReference section */

/* Begin PBXFrameworksBuildPhase section */
		8060F2F42A41B68F007950E0 /* Frameworks */ = {
			isa = PBXFrameworksBuildPhase;
			buildActionMask = 2147483647;
			files = (
			);
			runOnlyForDeploymentPostprocessing = 0;
		};
/* End PBXFrameworksBuildPhase section */

/* Begin PBXGroup section */
		801E4D712A41CC0900C6678C /* Coordinator */ = {
			isa = PBXGroup;
			children = (
				8060F30E2A41B6B4007950E0 /* Coordinator.swift */,
				8060F3102A41B738007950E0 /* MainCoordinator.swift */,
				8060F3122A41B7CC007950E0 /* CoordinatorBoard.swift */,
				898D13502A42F0F200CD372A /* ChildCoordinatorFactory.swift */,
				801E4D7D2A41D74200C6678C /* ChildCoordinator */,
			);
			path = Coordinator;
			sourceTree = "<group>";
		};
		801E4D742A41CDA400C6678C /* ViewControllers */ = {
			isa = PBXGroup;
			children = (
				8060F2FE2A41B68F007950E0 /* LoginVC.swift */,
				801E4D722A41CC3000C6678C /* ResetPasswardVC.swift */,
				801E4D752A41CDB700C6678C /* SignupVC.swift */,
				801E4D772A41CDC300C6678C /* HomeVC.swift */,
			);
			path = ViewControllers;
			sourceTree = "<group>";
		};
		801E4D7D2A41D74200C6678C /* ChildCoordinator */ = {
			isa = PBXGroup;
			children = (
				801E4D792A41D64200C6678C /* LoginChildCoordinator.swift */,
				801E4D7B2A41D73C00C6678C /* HomeChildCoordinator.swift */,
			);
			path = ChildCoordinator;
			sourceTree = "<group>";
		};
		8060F2EE2A41B68F007950E0 = {
			isa = PBXGroup;
			children = (
				8060F2F92A41B68F007950E0 /* CoordinatorDemo */,
				8060F2F82A41B68F007950E0 /* Products */,
			);
			sourceTree = "<group>";
		};
		8060F2F82A41B68F007950E0 /* Products */ = {
			isa = PBXGroup;
			children = (
				8060F2F72A41B68F007950E0 /* CoordinatorDemo.app */,
			);
			name = Products;
			sourceTree = "<group>";
		};
		8060F2F92A41B68F007950E0 /* CoordinatorDemo */ = {
			isa = PBXGroup;
			children = (
				8060F2FA2A41B68F007950E0 /* AppDelegate.swift */,
				8060F2FC2A41B68F007950E0 /* SceneDelegate.swift */,
				898D13542A42FA3C00CD372A /* Model */,
				801E4D742A41CDA400C6678C /* ViewControllers */,
				801E4D712A41CC0900C6678C /* Coordinator */,
				8060F3002A41B68F007950E0 /* Main.storyboard */,
				8060F3032A41B690007950E0 /* Assets.xcassets */,
				8060F3052A41B690007950E0 /* LaunchScreen.storyboard */,
				8060F3082A41B690007950E0 /* Info.plist */,
			);
			path = CoordinatorDemo;
			sourceTree = "<group>";
		};
		898D13542A42FA3C00CD372A /* Model */ = {
			isa = PBXGroup;
			children = (
				898D13522A42FA3700CD372A /* HomeChildParameter.swift */,
			);
			path = Model;
			sourceTree = "<group>";
		};
/* End PBXGroup section */

/* Begin PBXNativeTarget section */
		8060F2F62A41B68F007950E0 /* CoordinatorDemo */ = {
			isa = PBXNativeTarget;
			buildConfigurationList = 8060F30B2A41B690007950E0 /* Build configuration list for PBXNativeTarget "CoordinatorDemo" */;
			buildPhases = (
				8060F2F32A41B68F007950E0 /* Sources */,
				8060F2F42A41B68F007950E0 /* Frameworks */,
				8060F2F52A41B68F007950E0 /* Resources */,
			);
			buildRules = (
			);
			dependencies = (
			);
			name = CoordinatorDemo;
			productName = CoordinatorDemo;
			productReference = 8060F2F72A41B68F007950E0 /* CoordinatorDemo.app */;
			productType = "com.apple.product-type.application";
		};
/* End PBXNativeTarget section */

/* Begin PBXProject section */
		8060F2EF2A41B68F007950E0 /* Project object */ = {
			isa = PBXProject;
			attributes = {
				BuildIndependentTargetsInParallel = 1;
				LastSwiftUpdateCheck = 1430;
				LastUpgradeCheck = 1430;
				TargetAttributes = {
					8060F2F62A41B68F007950E0 = {
						CreatedOnToolsVersion = 14.3.1;
					};
				};
			};
			buildConfigurationList = 8060F2F22A41B68F007950E0 /* Build configuration list for PBXProject "CoordinatorDemo" */;
			compatibilityVersion = "Xcode 14.0";
			developmentRegion = en;
			hasScannedForEncodings = 0;
			knownRegions = (
				en,
				Base,
			);
			mainGroup = 8060F2EE2A41B68F007950E0;
			productRefGroup = 8060F2F82A41B68F007950E0 /* Products */;
			projectDirPath = "";
			projectRoot = "";
			targets = (
				8060F2F62A41B68F007950E0 /* CoordinatorDemo */,
			);
		};
/* End PBXProject section */

/* Begin PBXResourcesBuildPhase section */
		8060F2F52A41B68F007950E0 /* Resources */ = {
			isa = PBXResourcesBuildPhase;
			buildActionMask = 2147483647;
			files = (
				8060F3072A41B690007950E0 /* LaunchScreen.storyboard in Resources */,
				8060F3042A41B690007950E0 /* Assets.xcassets in Resources */,
				8060F3022A41B68F007950E0 /* Main.storyboard in Resources */,
			);
			runOnlyForDeploymentPostprocessing = 0;
		};
/* End PBXResourcesBuildPhase section */

/* Begin PBXSourcesBuildPhase section */
		8060F2F32A41B68F007950E0 /* Sources */ = {
			isa = PBXSourcesBuildPhase;
			buildActionMask = 2147483647;
			files = (
				898D13512A42F0F200CD372A /* ChildCoordinatorFactory.swift in Sources */,
				8060F30F2A41B6B4007950E0 /* Coordinator.swift in Sources */,
				801E4D7A2A41D64200C6678C /* LoginChildCoordinator.swift in Sources */,
				8060F3132A41B7CC007950E0 /* CoordinatorBoard.swift in Sources */,
				8060F2FF2A41B68F007950E0 /* LoginVC.swift in Sources */,
				898D13532A42FA3700CD372A /* HomeChildParameter.swift in Sources */,
				801E4D782A41CDC300C6678C /* HomeVC.swift in Sources */,
				8060F2FB2A41B68F007950E0 /* AppDelegate.swift in Sources */,
				801E4D732A41CC3000C6678C /* ResetPasswardVC.swift in Sources */,
				8060F3112A41B739007950E0 /* MainCoordinator.swift in Sources */,
				801E4D762A41CDB700C6678C /* SignupVC.swift in Sources */,
				801E4D7C2A41D73C00C6678C /* HomeChildCoordinator.swift in Sources */,
				8060F2FD2A41B68F007950E0 /* SceneDelegate.swift in Sources */,
			);
			runOnlyForDeploymentPostprocessing = 0;
		};
/* End PBXSourcesBuildPhase section */

/* Begin PBXVariantGroup section */
		8060F3002A41B68F007950E0 /* Main.storyboard */ = {
			isa = PBXVariantGroup;
			children = (
				8060F3012A41B68F007950E0 /* Base */,
			);
			name = Main.storyboard;
			sourceTree = "<group>";
		};
		8060F3052A41B690007950E0 /* LaunchScreen.storyboard */ = {
			isa = PBXVariantGroup;
			children = (
				8060F3062A41B690007950E0 /* Base */,
			);
			name = LaunchScreen.storyboard;
			sourceTree = "<group>";
		};
/* End PBXVariantGroup section */

/* Begin XCBuildConfiguration section */
		8060F3092A41B690007950E0 /* Debug */ = {
			isa = XCBuildConfiguration;
			buildSettings = {
				ALWAYS_SEARCH_USER_PATHS = NO;
				CLANG_ANALYZER_NONNULL = YES;
				CLANG_ANALYZER_NUMBER_OBJECT_CONVERSION = YES_AGGRESSIVE;
				CLANG_CXX_LANGUAGE_STANDARD = "gnu++20";
				CLANG_ENABLE_MODULES = YES;
				CLANG_ENABLE_OBJC_ARC = YES;
				CLANG_ENABLE_OBJC_WEAK = YES;
				CLANG_WARN_BLOCK_CAPTURE_AUTORELEASING = YES;
				CLANG_WARN_BOOL_CONVERSION = YES;
				CLANG_WARN_COMMA = YES;
				CLANG_WARN_CONSTANT_CONVERSION = YES;
				CLANG_WARN_DEPRECATED_OBJC_IMPLEMENTATIONS = YES;
				CLANG_WARN_DIRECT_OBJC_ISA_USAGE = YES_ERROR;
				CLANG_WARN_DOCUMENTATION_COMMENTS = YES;
				CLANG_WARN_EMPTY_BODY = YES;
				CLANG_WARN_ENUM_CONVERSION = YES;
				CLANG_WARN_INFINITE_RECURSION = YES;
				CLANG_WARN_INT_CONVERSION = YES;
				CLANG_WARN_NON_LITERAL_NULL_CONVERSION = YES;
				CLANG_WARN_OBJC_IMPLICIT_RETAIN_SELF = YES;
				CLANG_WARN_OBJC_LITERAL_CONVERSION = YES;
				CLANG_WARN_OBJC_ROOT_CLASS = YES_ERROR;
				CLANG_WARN_QUOTED_INCLUDE_IN_FRAMEWORK_HEADER = YES;
				CLANG_WARN_RANGE_LOOP_ANALYSIS = YES;
				CLANG_WARN_STRICT_PROTOTYPES = YES;
				CLANG_WARN_SUSPICIOUS_MOVE = YES;
				CLANG_WARN_UNGUARDED_AVAILABILITY = YES_AGGRESSIVE;
				CLANG_WARN_UNREACHABLE_CODE = YES;
				CLANG_WARN__DUPLICATE_METHOD_MATCH = YES;
				COPY_PHASE_STRIP = NO;
				DEBUG_INFORMATION_FORMAT = dwarf;
				ENABLE_STRICT_OBJC_MSGSEND = YES;
				ENABLE_TESTABILITY = YES;
				GCC_C_LANGUAGE_STANDARD = gnu11;
				GCC_DYNAMIC_NO_PIC = NO;
				GCC_NO_COMMON_BLOCKS = YES;
				GCC_OPTIMIZATION_LEVEL = 0;
				GCC_PREPROCESSOR_DEFINITIONS = (
					"DEBUG=1",
					"$(inherited)",
				);
				GCC_WARN_64_TO_32_BIT_CONVERSION = YES;
				GCC_WARN_ABOUT_RETURN_TYPE = YES_ERROR;
				GCC_WARN_UNDECLARED_SELECTOR = YES;
				GCC_WARN_UNINITIALIZED_AUTOS = YES_AGGRESSIVE;
				GCC_WARN_UNUSED_FUNCTION = YES;
				GCC_WARN_UNUSED_VARIABLE = YES;
				IPHONEOS_DEPLOYMENT_TARGET = 16.4;
				MTL_ENABLE_DEBUG_INFO = INCLUDE_SOURCE;
				MTL_FAST_MATH = YES;
				ONLY_ACTIVE_ARCH = YES;
				SDKROOT = iphoneos;
				SWIFT_ACTIVE_COMPILATION_CONDITIONS = DEBUG;
				SWIFT_OPTIMIZATION_LEVEL = "-Onone";
			};
			name = Debug;
		};
		8060F30A2A41B690007950E0 /* Release */ = {
			isa = XCBuildConfiguration;
			buildSettings = {
				ALWAYS_SEARCH_USER_PATHS = NO;
				CLANG_ANALYZER_NONNULL = YES;
				CLANG_ANALYZER_NUMBER_OBJECT_CONVERSION = YES_AGGRESSIVE;
				CLANG_CXX_LANGUAGE_STANDARD = "gnu++20";
				CLANG_ENABLE_MODULES = YES;
				CLANG_ENABLE_OBJC_ARC = YES;
				CLANG_ENABLE_OBJC_WEAK = YES;
				CLANG_WARN_BLOCK_CAPTURE_AUTORELEASING = YES;
				CLANG_WARN_BOOL_CONVERSION = YES;
				CLANG_WARN_COMMA = YES;
				CLANG_WARN_CONSTANT_CONVERSION = YES;
				CLANG_WARN_DEPRECATED_OBJC_IMPLEMENTATIONS = YES;
				CLANG_WARN_DIRECT_OBJC_ISA_USAGE = YES_ERROR;
				CLANG_WARN_DOCUMENTATION_COMMENTS = YES;
				CLANG_WARN_EMPTY_BODY = YES;
				CLANG_WARN_ENUM_CONVERSION = YES;
				CLANG_WARN_INFINITE_RECURSION = YES;
				CLANG_WARN_INT_CONVERSION = YES;
				CLANG_WARN_NON_LITERAL_NULL_CONVERSION = YES;
				CLANG_WARN_OBJC_IMPLICIT_RETAIN_SELF = YES;
				CLANG_WARN_OBJC_LITERAL_CONVERSION = YES;
				CLANG_WARN_OBJC_ROOT_CLASS = YES_ERROR;
				CLANG_WARN_QUOTED_INCLUDE_IN_FRAMEWORK_HEADER = YES;
				CLANG_WARN_RANGE_LOOP_ANALYSIS = YES;
				CLANG_WARN_STRICT_PROTOTYPES = YES;
				CLANG_WARN_SUSPICIOUS_MOVE = YES;
				CLANG_WARN_UNGUARDED_AVAILABILITY = YES_AGGRESSIVE;
				CLANG_WARN_UNREACHABLE_CODE = YES;
				CLANG_WARN__DUPLICATE_METHOD_MATCH = YES;
				COPY_PHASE_STRIP = NO;
				DEBUG_INFORMATION_FORMAT = "dwarf-with-dsym";
				ENABLE_NS_ASSERTIONS = NO;
				ENABLE_STRICT_OBJC_MSGSEND = YES;
				GCC_C_LANGUAGE_STANDARD = gnu11;
				GCC_NO_COMMON_BLOCKS = YES;
				GCC_WARN_64_TO_32_BIT_CONVERSION = YES;
				GCC_WARN_ABOUT_RETURN_TYPE = YES_ERROR;
				GCC_WARN_UNDECLARED_SELECTOR = YES;
				GCC_WARN_UNINITIALIZED_AUTOS = YES_AGGRESSIVE;
				GCC_WARN_UNUSED_FUNCTION = YES;
				GCC_WARN_UNUSED_VARIABLE = YES;
				IPHONEOS_DEPLOYMENT_TARGET = 16.4;
				MTL_ENABLE_DEBUG_INFO = NO;
				MTL_FAST_MATH = YES;
				SDKROOT = iphoneos;
				SWIFT_COMPILATION_MODE = wholemodule;
				SWIFT_OPTIMIZATION_LEVEL = "-O";
				VALIDATE_PRODUCT = YES;
			};
			name = Release;
		};
		8060F30C2A41B690007950E0 /* Debug */ = {
			isa = XCBuildConfiguration;
			buildSettings = {
				ASSETCATALOG_COMPILER_APPICON_NAME = AppIcon;
				ASSETCATALOG_COMPILER_GLOBAL_ACCENT_COLOR_NAME = AccentColor;
				CODE_SIGN_STYLE = Automatic;
				CURRENT_PROJECT_VERSION = 1;
				GENERATE_INFOPLIST_FILE = YES;
				INFOPLIST_FILE = CoordinatorDemo/Info.plist;
				INFOPLIST_KEY_UIApplicationSupportsIndirectInputEvents = YES;
				INFOPLIST_KEY_UILaunchStoryboardName = LaunchScreen;
				INFOPLIST_KEY_UIMainStoryboardFile = Main;
				INFOPLIST_KEY_UISupportedInterfaceOrientations_iPad = "UIInterfaceOrientationPortrait UIInterfaceOrientationPortraitUpsideDown UIInterfaceOrientationLandscapeLeft UIInterfaceOrientationLandscapeRight";
				INFOPLIST_KEY_UISupportedInterfaceOrientations_iPhone = "UIInterfaceOrientationPortrait UIInterfaceOrientationLandscapeLeft UIInterfaceOrientationLandscapeRight";
				LD_RUNPATH_SEARCH_PATHS = (
					"$(inherited)",
					"@executable_path/Frameworks",
				);
				MARKETING_VERSION = 1.0;
				PRODUCT_BUNDLE_IDENTIFIER = com.arif.CoordinatorDemo;
				PRODUCT_NAME = "$(TARGET_NAME)";
				SWIFT_EMIT_LOC_STRINGS = YES;
				SWIFT_VERSION = 5.0;
				TARGETED_DEVICE_FAMILY = "1,2";
			};
			name = Debug;
		};
		8060F30D2A41B690007950E0 /* Release */ = {
			isa = XCBuildConfiguration;
			buildSettings = {
				ASSETCATALOG_COMPILER_APPICON_NAME = AppIcon;
				ASSETCATALOG_COMPILER_GLOBAL_ACCENT_COLOR_NAME = AccentColor;
				CODE_SIGN_STYLE = Automatic;
				CURRENT_PROJECT_VERSION = 1;
				GENERATE_INFOPLIST_FILE = YES;
				INFOPLIST_FILE = CoordinatorDemo/Info.plist;
				INFOPLIST_KEY_UIApplicationSupportsIndirectInputEvents = YES;
				INFOPLIST_KEY_UILaunchStoryboardName = LaunchScreen;
				INFOPLIST_KEY_UIMainStoryboardFile = Main;
				INFOPLIST_KEY_UISupportedInterfaceOrientations_iPad = "UIInterfaceOrientationPortrait UIInterfaceOrientationPortraitUpsideDown UIInterfaceOrientationLandscapeLeft UIInterfaceOrientationLandscapeRight";
				INFOPLIST_KEY_UISupportedInterfaceOrientations_iPhone = "UIInterfaceOrientationPortrait UIInterfaceOrientationLandscapeLeft UIInterfaceOrientationLandscapeRight";
				LD_RUNPATH_SEARCH_PATHS = (
					"$(inherited)",
					"@executable_path/Frameworks",
				);
				MARKETING_VERSION = 1.0;
				PRODUCT_BUNDLE_IDENTIFIER = com.arif.CoordinatorDemo;
				PRODUCT_NAME = "$(TARGET_NAME)";
				SWIFT_EMIT_LOC_STRINGS = YES;
				SWIFT_VERSION = 5.0;
				TARGETED_DEVICE_FAMILY = "1,2";
			};
			name = Release;
		};
/* End XCBuildConfiguration section */

/* Begin XCConfigurationList section */
		8060F2F22A41B68F007950E0 /* Build configuration list for PBXProject "CoordinatorDemo" */ = {
			isa = XCConfigurationList;
			buildConfigurations = (
				8060F3092A41B690007950E0 /* Debug */,
				8060F30A2A41B690007950E0 /* Release */,
			);
			defaultConfigurationIsVisible = 0;
			defaultConfigurationName = Release;
		};
		8060F30B2A41B690007950E0 /* Build configuration list for PBXNativeTarget "CoordinatorDemo" */ = {
			isa = XCConfigurationList;
			buildConfigurations = (
				8060F30C2A41B690007950E0 /* Debug */,
				8060F30D2A41B690007950E0 /* Release */,
			);
			defaultConfigurationIsVisible = 0;
			defaultConfigurationName = Release;
		};
/* End XCConfigurationList section */
	};
	rootObject = 8060F2EF2A41B68F007950E0 /* Project object */;
}
