// !$*UTF8*$!
{
	archiveVersion = 1;
	classes = {
	};
	objectVersion = 56;
	objects = {

/* Begin PBXBuildFile section */
		8531E2512ACA83D6007C9955 /* AppDelegate.swift in Sources */ = {isa = PBXBuildFile; fileRef = 8531E2502ACA83D6007C9955 /* AppDelegate.swift */; };
		8531E2532ACA83D6007C9955 /* SceneDelegate.swift in Sources */ = {isa = PBXBuildFile; fileRef = 8531E2522ACA83D6007C9955 /* SceneDelegate.swift */; };
		8531E2552ACA83D6007C9955 /* ViewController.swift in Sources */ = {isa = PBXBuildFile; fileRef = 8531E2542ACA83D6007C9955 /* ViewController.swift */; };
		8531E2582ACA83D6007C9955 /* Main.storyboard in Resources */ = {isa = PBXBuildFile; fileRef = 8531E2562ACA83D6007C9955 /* Main.storyboard */; };
		8531E25A2ACA83D7007C9955 /* Assets.xcassets in Resources */ = {isa = PBXBuildFile; fileRef = 8531E2592ACA83D7007C9955 /* Assets.xcassets */; };
		8531E25D2ACA83D7007C9955 /* LaunchScreen.storyboard in Resources */ = {isa = PBXBuildFile; fileRef = 8531E25B2ACA83D7007C9955 /* LaunchScreen.storyboard */; };
		8531E2652ACA8421007C9955 /* Coordinator.swift in Sources */ = {isa = PBXBuildFile; fileRef = 8531E2642ACA8421007C9955 /* Coordinator.swift */; };
		8531E2672ACA84D0007C9955 /* Storyboarded.swift in Sources */ = {isa = PBXBuildFile; fileRef = 8531E2662ACA84D0007C9955 /* Storyboarded.swift */; };
		8531E2692ACA892B007C9955 /* MainCoordinator.swift in Sources */ = {isa = PBXBuildFile; fileRef = 8531E2682ACA892B007C9955 /* MainCoordinator.swift */; };
		8531E26B2ACA8BD4007C9955 /* BuyViewController.swift in Sources */ = {isa = PBXBuildFile; fileRef = 8531E26A2ACA8BD4007C9955 /* BuyViewController.swift */; };
		8531E26D2ACA8BE1007C9955 /* AccountViewController.swift in Sources */ = {isa = PBXBuildFile; fileRef = 8531E26C2ACA8BE1007C9955 /* AccountViewController.swift */; };
		8531E26F2ACA96DD007C9955 /* BuyCoordinator.swift in Sources */ = {isa = PBXBuildFile; fileRef = 8531E26E2ACA96DD007C9955 /* BuyCoordinator.swift */; };
/* End PBXBuildFile section */

/* Begin PBXFileReference section */
		8531E24D2ACA83D6007C9955 /* CoordinatorTest.app */ = {isa = PBXFileReference; explicitFileType = wrapper.application; includeInIndex = 0; path = CoordinatorTest.app; sourceTree = BUILT_PRODUCTS_DIR; };
		8531E2502ACA83D6007C9955 /* AppDelegate.swift */ = {isa = PBXFileReference; lastKnownFileType = sourcecode.swift; path = AppDelegate.swift; sourceTree = "<group>"; };
		8531E2522ACA83D6007C9955 /* SceneDelegate.swift */ = {isa = PBXFileReference; lastKnownFileType = sourcecode.swift; path = SceneDelegate.swift; sourceTree = "<group>"; };
		8531E2542ACA83D6007C9955 /* ViewController.swift */ = {isa = PBXFileReference; lastKnownFileType = sourcecode.swift; path = ViewController.swift; sourceTree = "<group>"; };
		8531E2572ACA83D6007C9955 /* Base */ = {isa = PBXFileReference; lastKnownFileType = file.storyboard; name = Base; path = Base.lproj/Main.storyboard; sourceTree = "<group>"; };
		8531E2592ACA83D7007C9955 /* Assets.xcassets */ = {isa = PBXFileReference; lastKnownFileType = folder.assetcatalog; path = Assets.xcassets; sourceTree = "<group>"; };
		8531E25C2ACA83D7007C9955 /* Base */ = {isa = PBXFileReference; lastKnownFileType = file.storyboard; name = Base; path = Base.lproj/LaunchScreen.storyboard; sourceTree = "<group>"; };
		8531E25E2ACA83D7007C9955 /* Info.plist */ = {isa = PBXFileReference; lastKnownFileType = text.plist.xml; path = Info.plist; sourceTree = "<group>"; };
		8531E2642ACA8421007C9955 /* Coordinator.swift */ = {isa = PBXFileReference; lastKnownFileType = sourcecode.swift; path = Coordinator.swift; sourceTree = "<group>"; };
		8531E2662ACA84D0007C9955 /* Storyboarded.swift */ = {isa = PBXFileReference; lastKnownFileType = sourcecode.swift; path = Storyboarded.swift; sourceTree = "<group>"; };
		8531E2682ACA892B007C9955 /* MainCoordinator.swift */ = {isa = PBXFileReference; lastKnownFileType = sourcecode.swift; path = MainCoordinator.swift; sourceTree = "<group>"; };
		8531E26A2ACA8BD4007C9955 /* BuyViewController.swift */ = {isa = PBXFileReference; lastKnownFileType = sourcecode.swift; path = BuyViewController.swift; sourceTree = "<group>"; };
		8531E26C2ACA8BE1007C9955 /* AccountViewController.swift */ = {isa = PBXFileReference; lastKnownFileType = sourcecode.swift; path = AccountViewController.swift; sourceTree = "<group>"; };
		8531E26E2ACA96DD007C9955 /* BuyCoordinator.swift */ = {isa = PBXFileReference; lastKnownFileType = sourcecode.swift; path = BuyCoordinator.swift; sourceTree = "<group>"; };
/* End PBXFileReference section */

/* Begin PBXFrameworksBuildPhase section */
		8531E24A2ACA83D6007C9955 /* Frameworks */ = {
			isa = PBXFrameworksBuildPhase;
			buildActionMask = 2147483647;
			files = (
			);
			runOnlyForDeploymentPostprocessing = 0;
		};
/* End PBXFrameworksBuildPhase section */

/* Begin PBXGroup section */
		8531E2442ACA83D6007C9955 = {
			isa = PBXGroup;
			children = (
				8531E24F2ACA83D6007C9955 /* CoordinatorTest */,
				8531E24E2ACA83D6007C9955 /* Products */,
			);
			sourceTree = "<group>";
		};
		8531E24E2ACA83D6007C9955 /* Products */ = {
			isa = PBXGroup;
			children = (
				8531E24D2ACA83D6007C9955 /* CoordinatorTest.app */,
			);
			name = Products;
			sourceTree = "<group>";
		};
		8531E24F2ACA83D6007C9955 /* CoordinatorTest */ = {
			isa = PBXGroup;
			children = (
				8531E2502ACA83D6007C9955 /* AppDelegate.swift */,
				8531E2522ACA83D6007C9955 /* SceneDelegate.swift */,
				8531E2712ACA9707007C9955 /* ViewController */,
				8531E2702ACA96E4007C9955 /* Coordinators */,
				8531E2662ACA84D0007C9955 /* Storyboarded.swift */,
				8531E2562ACA83D6007C9955 /* Main.storyboard */,
				8531E2592ACA83D7007C9955 /* Assets.xcassets */,
				8531E25B2ACA83D7007C9955 /* LaunchScreen.storyboard */,
				8531E25E2ACA83D7007C9955 /* Info.plist */,
			);
			path = CoordinatorTest;
			sourceTree = "<group>";
		};
		8531E2702ACA96E4007C9955 /* Coordinators */ = {
			isa = PBXGroup;
			children = (
				8531E2642ACA8421007C9955 /* Coordinator.swift */,
				8531E2682ACA892B007C9955 /* MainCoordinator.swift */,
				8531E26E2ACA96DD007C9955 /* BuyCoordinator.swift */,
			);
			path = Coordinators;
			sourceTree = "<group>";
		};
		8531E2712ACA9707007C9955 /* ViewController */ = {
			isa = PBXGroup;
			children = (
				8531E2542ACA83D6007C9955 /* ViewController.swift */,
				8531E26C2ACA8BE1007C9955 /* AccountViewController.swift */,
				8531E26A2ACA8BD4007C9955 /* BuyViewController.swift */,
			);
			path = ViewController;
			sourceTree = "<group>";
		};
/* End PBXGroup section */

/* Begin PBXNativeTarget section */
		8531E24C2ACA83D6007C9955 /* CoordinatorTest */ = {
			isa = PBXNativeTarget;
			buildConfigurationList = 8531E2612ACA83D7007C9955 /* Build configuration list for PBXNativeTarget "CoordinatorTest" */;
			buildPhases = (
				8531E2492ACA83D6007C9955 /* Sources */,
				8531E24A2ACA83D6007C9955 /* Frameworks */,
				8531E24B2ACA83D6007C9955 /* Resources */,
			);
			buildRules = (
			);
			dependencies = (
			);
			name = CoordinatorTest;
			productName = CoordinatorTest;
			productReference = 8531E24D2ACA83D6007C9955 /* CoordinatorTest.app */;
			productType = "com.apple.product-type.application";
		};
/* End PBXNativeTarget section */

/* Begin PBXProject section */
		8531E2452ACA83D6007C9955 /* Project object */ = {
			isa = PBXProject;
			attributes = {
				BuildIndependentTargetsInParallel = 1;
				LastSwiftUpdateCheck = 1430;
				LastUpgradeCheck = 1430;
				TargetAttributes = {
					8531E24C2ACA83D6007C9955 = {
						CreatedOnToolsVersion = 14.3.1;
					};
				};
			};
			buildConfigurationList = 8531E2482ACA83D6007C9955 /* Build configuration list for PBXProject "CoordinatorTest" */;
			compatibilityVersion = "Xcode 14.0";
			developmentRegion = en;
			hasScannedForEncodings = 0;
			knownRegions = (
				en,
				Base,
			);
			mainGroup = 8531E2442ACA83D6007C9955;
			productRefGroup = 8531E24E2ACA83D6007C9955 /* Products */;
			projectDirPath = "";
			projectRoot = "";
			targets = (
				8531E24C2ACA83D6007C9955 /* CoordinatorTest */,
			);
		};
/* End PBXProject section */

/* Begin PBXResourcesBuildPhase section */
		8531E24B2ACA83D6007C9955 /* Resources */ = {
			isa = PBXResourcesBuildPhase;
			buildActionMask = 2147483647;
			files = (
				8531E25D2ACA83D7007C9955 /* LaunchScreen.storyboard in Resources */,
				8531E25A2ACA83D7007C9955 /* Assets.xcassets in Resources */,
				8531E2582ACA83D6007C9955 /* Main.storyboard in Resources */,
			);
			runOnlyForDeploymentPostprocessing = 0;
		};
/* End PBXResourcesBuildPhase section */

/* Begin PBXSourcesBuildPhase section */
		8531E2492ACA83D6007C9955 /* Sources */ = {
			isa = PBXSourcesBuildPhase;
			buildActionMask = 2147483647;
			files = (
				8531E26F2ACA96DD007C9955 /* BuyCoordinator.swift in Sources */,
				8531E2652ACA8421007C9955 /* Coordinator.swift in Sources */,
				8531E2692ACA892B007C9955 /* MainCoordinator.swift in Sources */,
				8531E26D2ACA8BE1007C9955 /* AccountViewController.swift in Sources */,
				8531E2552ACA83D6007C9955 /* ViewController.swift in Sources */,
				8531E2672ACA84D0007C9955 /* Storyboarded.swift in Sources */,
				8531E2512ACA83D6007C9955 /* AppDelegate.swift in Sources */,
				8531E26B2ACA8BD4007C9955 /* BuyViewController.swift in Sources */,
				8531E2532ACA83D6007C9955 /* SceneDelegate.swift in Sources */,
			);
			runOnlyForDeploymentPostprocessing = 0;
		};
/* End PBXSourcesBuildPhase section */

/* Begin PBXVariantGroup section */
		8531E2562ACA83D6007C9955 /* Main.storyboard */ = {
			isa = PBXVariantGroup;
			children = (
				8531E2572ACA83D6007C9955 /* Base */,
			);
			name = Main.storyboard;
			sourceTree = "<group>";
		};
		8531E25B2ACA83D7007C9955 /* LaunchScreen.storyboard */ = {
			isa = PBXVariantGroup;
			children = (
				8531E25C2ACA83D7007C9955 /* Base */,
			);
			name = LaunchScreen.storyboard;
			sourceTree = "<group>";
		};
/* End PBXVariantGroup section */

/* Begin XCBuildConfiguration section */
		8531E25F2ACA83D7007C9955 /* Debug */ = {
			isa = XCBuildConfiguration;
			buildSettings = {
				ALWAYS_SEARCH_USER_PATHS = NO;
				CLANG_ANALYZER_NONNULL = YES;
				CLANG_ANALYZER_NUMBER_OBJECT_CONVERSION = YES_AGGRESSIVE;
				CLANG_CXX_LANGUAGE_STANDARD = "gnu++20";
				CLANG_ENABLE_MODULES = YES;
				CLANG_ENABLE_OBJC_ARC = YES;
				CLANG_ENABLE_OBJC_WEAK = YES;
				CLANG_WARN_BLOCK_CAPTURE_AUTORELEASING = YES;
				CLANG_WARN_BOOL_CONVERSION = YES;
				CLANG_WARN_COMMA = YES;
				CLANG_WARN_CONSTANT_CONVERSION = YES;
				CLANG_WARN_DEPRECATED_OBJC_IMPLEMENTATIONS = YES;
				CLANG_WARN_DIRECT_OBJC_ISA_USAGE = YES_ERROR;
				CLANG_WARN_DOCUMENTATION_COMMENTS = YES;
				CLANG_WARN_EMPTY_BODY = YES;
				CLANG_WARN_ENUM_CONVERSION = YES;
				CLANG_WARN_INFINITE_RECURSION = YES;
				CLANG_WARN_INT_CONVERSION = YES;
				CLANG_WARN_NON_LITERAL_NULL_CONVERSION = YES;
				CLANG_WARN_OBJC_IMPLICIT_RETAIN_SELF = YES;
				CLANG_WARN_OBJC_LITERAL_CONVERSION = YES;
				CLANG_WARN_OBJC_ROOT_CLASS = YES_ERROR;
				CLANG_WARN_QUOTED_INCLUDE_IN_FRAMEWORK_HEADER = YES;
				CLANG_WARN_RANGE_LOOP_ANALYSIS = YES;
				CLANG_WARN_STRICT_PROTOTYPES = YES;
				CLANG_WARN_SUSPICIOUS_MOVE = YES;
				CLANG_WARN_UNGUARDED_AVAILABILITY = YES_AGGRESSIVE;
				CLANG_WARN_UNREACHABLE_CODE = YES;
				CLANG_WARN__DUPLICATE_METHOD_MATCH = YES;
				COPY_PHASE_STRIP = NO;
				DEBUG_INFORMATION_FORMAT = dwarf;
				ENABLE_STRICT_OBJC_MSGSEND = YES;
				ENABLE_TESTABILITY = YES;
				GCC_C_LANGUAGE_STANDARD = gnu11;
				GCC_DYNAMIC_NO_PIC = NO;
				GCC_NO_COMMON_BLOCKS = YES;
				GCC_OPTIMIZATION_LEVEL = 0;
				GCC_PREPROCESSOR_DEFINITIONS = (
					"DEBUG=1",
					"$(inherited)",
				);
				GCC_WARN_64_TO_32_BIT_CONVERSION = YES;
				GCC_WARN_ABOUT_RETURN_TYPE = YES_ERROR;
				GCC_WARN_UNDECLARED_SELECTOR = YES;
				GCC_WARN_UNINITIALIZED_AUTOS = YES_AGGRESSIVE;
				GCC_WARN_UNUSED_FUNCTION = YES;
				GCC_WARN_UNUSED_VARIABLE = YES;
				IPHONEOS_DEPLOYMENT_TARGET = 16.4;
				MTL_ENABLE_DEBUG_INFO = INCLUDE_SOURCE;
				MTL_FAST_MATH = YES;
				ONLY_ACTIVE_ARCH = YES;
				SDKROOT = iphoneos;
				SWIFT_ACTIVE_COMPILATION_CONDITIONS = DEBUG;
				SWIFT_OPTIMIZATION_LEVEL = "-Onone";
			};
			name = Debug;
		};
		8531E2602ACA83D7007C9955 /* Release */ = {
			isa = XCBuildConfiguration;
			buildSettings = {
				ALWAYS_SEARCH_USER_PATHS = NO;
				CLANG_ANALYZER_NONNULL = YES;
				CLANG_ANALYZER_NUMBER_OBJECT_CONVERSION = YES_AGGRESSIVE;
				CLANG_CXX_LANGUAGE_STANDARD = "gnu++20";
				CLANG_ENABLE_MODULES = YES;
				CLANG_ENABLE_OBJC_ARC = YES;
				CLANG_ENABLE_OBJC_WEAK = YES;
				CLANG_WARN_BLOCK_CAPTURE_AUTORELEASING = YES;
				CLANG_WARN_BOOL_CONVERSION = YES;
				CLANG_WARN_COMMA = YES;
				CLANG_WARN_CONSTANT_CONVERSION = YES;
				CLANG_WARN_DEPRECATED_OBJC_IMPLEMENTATIONS = YES;
				CLANG_WARN_DIRECT_OBJC_ISA_USAGE = YES_ERROR;
				CLANG_WARN_DOCUMENTATION_COMMENTS = YES;
				CLANG_WARN_EMPTY_BODY = YES;
				CLANG_WARN_ENUM_CONVERSION = YES;
				CLANG_WARN_INFINITE_RECURSION = YES;
				CLANG_WARN_INT_CONVERSION = YES;
				CLANG_WARN_NON_LITERAL_NULL_CONVERSION = YES;
				CLANG_WARN_OBJC_IMPLICIT_RETAIN_SELF = YES;
				CLANG_WARN_OBJC_LITERAL_CONVERSION = YES;
				CLANG_WARN_OBJC_ROOT_CLASS = YES_ERROR;
				CLANG_WARN_QUOTED_INCLUDE_IN_FRAMEWORK_HEADER = YES;
				CLANG_WARN_RANGE_LOOP_ANALYSIS = YES;
				CLANG_WARN_STRICT_PROTOTYPES = YES;
				CLANG_WARN_SUSPICIOUS_MOVE = YES;
				CLANG_WARN_UNGUARDED_AVAILABILITY = YES_AGGRESSIVE;
				CLANG_WARN_UNREACHABLE_CODE = YES;
				CLANG_WARN__DUPLICATE_METHOD_MATCH = YES;
				COPY_PHASE_STRIP = NO;
				DEBUG_INFORMATION_FORMAT = "dwarf-with-dsym";
				ENABLE_NS_ASSERTIONS = NO;
				ENABLE_STRICT_OBJC_MSGSEND = YES;
				GCC_C_LANGUAGE_STANDARD = gnu11;
				GCC_NO_COMMON_BLOCKS = YES;
				GCC_WARN_64_TO_32_BIT_CONVERSION = YES;
				GCC_WARN_ABOUT_RETURN_TYPE = YES_ERROR;
				GCC_WARN_UNDECLARED_SELECTOR = YES;
				GCC_WARN_UNINITIALIZED_AUTOS = YES_AGGRESSIVE;
				GCC_WARN_UNUSED_FUNCTION = YES;
				GCC_WARN_UNUSED_VARIABLE = YES;
				IPHONEOS_DEPLOYMENT_TARGET = 16.4;
				MTL_ENABLE_DEBUG_INFO = NO;
				MTL_FAST_MATH = YES;
				SDKROOT = iphoneos;
				SWIFT_COMPILATION_MODE = wholemodule;
				SWIFT_OPTIMIZATION_LEVEL = "-O";
				VALIDATE_PRODUCT = YES;
			};
			name = Release;
		};
		8531E2622ACA83D7007C9955 /* Debug */ = {
			isa = XCBuildConfiguration;
			buildSettings = {
				ASSETCATALOG_COMPILER_APPICON_NAME = AppIcon;
				ASSETCATALOG_COMPILER_GLOBAL_ACCENT_COLOR_NAME = AccentColor;
				CODE_SIGN_STYLE = Automatic;
				CURRENT_PROJECT_VERSION = 1;
				GENERATE_INFOPLIST_FILE = YES;
				INFOPLIST_FILE = CoordinatorTest/Info.plist;
				INFOPLIST_KEY_UIApplicationSupportsIndirectInputEvents = YES;
				INFOPLIST_KEY_UILaunchStoryboardName = LaunchScreen;
				INFOPLIST_KEY_UISupportedInterfaceOrientations_iPad = "UIInterfaceOrientationPortrait UIInterfaceOrientationPortraitUpsideDown UIInterfaceOrientationLandscapeLeft UIInterfaceOrientationLandscapeRight";
				INFOPLIST_KEY_UISupportedInterfaceOrientations_iPhone = "UIInterfaceOrientationPortrait UIInterfaceOrientationLandscapeLeft UIInterfaceOrientationLandscapeRight";
				LD_RUNPATH_SEARCH_PATHS = (
					"$(inherited)",
					"@executable_path/Frameworks",
				);
				MARKETING_VERSION = 1.0;
				PRODUCT_BUNDLE_IDENTIFIER = com.arif.CoordinatorTest;
				PRODUCT_NAME = "$(TARGET_NAME)";
				SWIFT_EMIT_LOC_STRINGS = YES;
				SWIFT_VERSION = 5.0;
				TARGETED_DEVICE_FAMILY = "1,2";
			};
			name = Debug;
		};
		8531E2632ACA83D7007C9955 /* Release */ = {
			isa = XCBuildConfiguration;
			buildSettings = {
				ASSETCATALOG_COMPILER_APPICON_NAME = AppIcon;
				ASSETCATALOG_COMPILER_GLOBAL_ACCENT_COLOR_NAME = AccentColor;
				CODE_SIGN_STYLE = Automatic;
				CURRENT_PROJECT_VERSION = 1;
				GENERATE_INFOPLIST_FILE = YES;
				INFOPLIST_FILE = CoordinatorTest/Info.plist;
				INFOPLIST_KEY_UIApplicationSupportsIndirectInputEvents = YES;
				INFOPLIST_KEY_UILaunchStoryboardName = LaunchScreen;
				INFOPLIST_KEY_UISupportedInterfaceOrientations_iPad = "UIInterfaceOrientationPortrait UIInterfaceOrientationPortraitUpsideDown UIInterfaceOrientationLandscapeLeft UIInterfaceOrientationLandscapeRight";
				INFOPLIST_KEY_UISupportedInterfaceOrientations_iPhone = "UIInterfaceOrientationPortrait UIInterfaceOrientationLandscapeLeft UIInterfaceOrientationLandscapeRight";
				LD_RUNPATH_SEARCH_PATHS = (
					"$(inherited)",
					"@executable_path/Frameworks",
				);
				MARKETING_VERSION = 1.0;
				PRODUCT_BUNDLE_IDENTIFIER = com.arif.CoordinatorTest;
				PRODUCT_NAME = "$(TARGET_NAME)";
				SWIFT_EMIT_LOC_STRINGS = YES;
				SWIFT_VERSION = 5.0;
				TARGETED_DEVICE_FAMILY = "1,2";
			};
			name = Release;
		};
/* End XCBuildConfiguration section */

/* Begin XCConfigurationList section */
		8531E2482ACA83D6007C9955 /* Build configuration list for PBXProject "CoordinatorTest" */ = {
			isa = XCConfigurationList;
			buildConfigurations = (
				8531E25F2ACA83D7007C9955 /* Debug */,
				8531E2602ACA83D7007C9955 /* Release */,
			);
			defaultConfigurationIsVisible = 0;
			defaultConfigurationName = Release;
		};
		8531E2612ACA83D7007C9955 /* Build configuration list for PBXNativeTarget "CoordinatorTest" */ = {
			isa = XCConfigurationList;
			buildConfigurations = (
				8531E2622ACA83D7007C9955 /* Debug */,
				8531E2632ACA83D7007C9955 /* Release */,
			);
			defaultConfigurationIsVisible = 0;
			defaultConfigurationName = Release;
		};
/* End XCConfigurationList section */
	};
	rootObject = 8531E2452ACA83D6007C9955 /* Project object */;
}
